
Microsoft Visual Studio Solution File, Format Version 12.00
# Visual Studio Version 16
VisualStudioVersion = 16.0.29215.179
MinimumVisualStudioVersion = 10.0.40219.1
Project("{FAE04EC0-301F-11D3-BF4B-00C04F79EFBC}") = "PhanMemBanHang", "PhanMemBanHang\PhanMemBanHang.csproj", "{314C6B9E-224C-4C93-AA7E-F35BE72FE8B5}"
EndProject
Global
	GlobalSection(SolutionConfigurationPlatforms) = preSolution
		Debug|Any CPU = Debug|Any CPU
		Release|Any CPU = Release|Any CPU
	EndGlobalSection
	GlobalSection(ProjectConfigurationPlatforms) = postSolution
		{314C6B9E-224C-4C93-AA7E-F35BE72FE8B5}.Debug|Any CPU.ActiveCfg = Debug|Any CPU
		{314C6B9E-224C-4C93-AA7E-F35BE72FE8B5}.Debug|Any CPU.Build.0 = Debug|Any CPU
		{314C6B9E-224C-4C93-AA7E-F35BE72FE8B5}.Release|Any CPU.ActiveCfg = Release|Any CPU
		{314C6B9E-224C-4C93-AA7E-F35BE72FE8B5}.Release|Any CPU.Build.0 = Release|Any CPU
	EndGlobalSection
	GlobalSection(SolutionProperties) = preSolution
		HideSolutionNode = FALSE
	EndGlobalSection
	GlobalSection(ExtensibilityGlobals) = postSolution
		SolutionGuid = {C9C23555-78CA-45CB-A054-CAE860C83CEA}
	EndGlobalSection
EndGlobal
